
Microsoft Visual Studio Solution File, Format Version 12.00
# Visual Studio 15
Project("{FAE04EC0-301F-11D3-BF4B-00C04F79EFBC}") = "UnityEngine.UI", "UnityEngine.UI.csproj", "{0EEA8FE9-8D19-49A0-2CDC-7052D90277C1}"
EndProject
Project("{FAE04EC0-301F-11D3-BF4B-00C04F79EFBC}") = "UnityEngine.TestRunner", "UnityEngine.TestRunner.csproj", "{9C451211-0ED7-9812-F264-5BE1D6F85F56}"
EndProject
Project("{FAE04EC0-301F-11D3-BF4B-00C04F79EFBC}") = "Unity.Mathematics", "Unity.Mathematics.csproj", "{EAE49DB7-4B9D-F59C-19CE-A95EED9CC5DE}"
EndProject
Project("{FAE04EC0-301F-11D3-BF4B-00C04F79EFBC}") = "Unity.2D.Animation.Triangle.Runtime", "Unity.2D.Animation.Triangle.Runtime.csproj", "{3A14176E-96BA-0C0D-AED4-2A078C3CD6EF}"
EndProject
Project("{FAE04EC0-301F-11D3-BF4B-00C04F79EFBC}") = "Unity.Timeline", "Unity.Timeline.csproj", "{E325071C-480D-01B2-A356-6AA003293412}"
EndProject
Project("{FAE04EC0-301F-11D3-BF4B-00C04F79EFBC}") = "Cinemachine", "Cinemachine.csproj", "{4FB887D6-E552-1EFF-0321-B322A9A87706}"
EndProject
Project("{FAE04EC0-301F-11D3-BF4B-00C04F79EFBC}") = "Unity.TextMeshPro", "Unity.TextMeshPro.csproj", "{7C824DDA-3919-370E-DD75-8AE0DAA01311}"
EndProject
Project("{FAE04EC0-301F-11D3-BF4B-00C04F79EFBC}") = "Unity.2D.Animation.Runtime", "Unity.2D.Animation.Runtime.csproj", "{6F396472-8812-37C0-24BF-A3FE537D8773}"
EndProject
Project("{FAE04EC0-301F-11D3-BF4B-00C04F79EFBC}") = "Unity.2D.IK.Runtime", "Unity.2D.IK.Runtime.csproj", "{5163A901-C7DE-64A4-D377-351093BA8B19}"
EndProject
Project("{FAE04EC0-301F-11D3-BF4B-00C04F79EFBC}") = "Assembly-CSharp", "Assembly-CSharp.csproj", "{DF6AA01B-B845-CD2F-9D2D-87ECDAC75AE8}"
EndProject
Project("{FAE04EC0-301F-11D3-BF4B-00C04F79EFBC}") = "Unity.2D.SpriteShape.Runtime", "Unity.2D.SpriteShape.Runtime.csproj", "{0C522385-66B3-E716-013F-625EB402750D}"
EndProject
Project("{FAE04EC0-301F-11D3-BF4B-00C04F79EFBC}") = "Unity.2D.PixelPerfect", "Unity.2D.PixelPerfect.csproj", "{14C1309B-128E-A2EF-5552-5E9DA61AF13D}"
EndProject
Project("{FAE04EC0-301F-11D3-BF4B-00C04F79EFBC}") = "Unity.2D.Common.Runtime", "Unity.2D.Common.Runtime.csproj", "{A6C3B72F-AF61-595D-E1BB-A8DE19D2FD16}"
EndProject
Project("{FAE04EC0-301F-11D3-BF4B-00C04F79EFBC}") = "Unity.InternalAPIEngineBridge.001", "Unity.InternalAPIEngineBridge.001.csproj", "{180BE6CE-4677-7578-38C0-3D2717B7105C}"
EndProject
Project("{FAE04EC0-301F-11D3-BF4B-00C04F79EFBC}") = "UnityEditor.TestRunner", "UnityEditor.TestRunner.csproj", "{4D3ED5B2-AD9F-28D7-54AE-DF089BF2A27D}"
EndProject
Project("{FAE04EC0-301F-11D3-BF4B-00C04F79EFBC}") = "Unity.PlasticSCM.Editor", "Unity.PlasticSCM.Editor.csproj", "{EB02C3A3-758E-C068-FAD5-D2A5C7C496A4}"
EndProject
Project("{FAE04EC0-301F-11D3-BF4B-00C04F79EFBC}") = "UnityEditor.UI", "UnityEditor.UI.csproj", "{4AFAD19F-8030-0BB8-F508-9F513809FF9A}"
EndProject
Project("{FAE04EC0-301F-11D3-BF4B-00C04F79EFBC}") = "Unity.Services.Core.Editor", "Unity.Services.Core.Editor.csproj", "{7F46B350-88E3-1277-5D50-EAFA82E5C01B}"
EndProject
Project("{FAE04EC0-301F-11D3-BF4B-00C04F79EFBC}") = "Unity.Timeline.Editor", "Unity.Timeline.Editor.csproj", "{71EED5B7-22A9-9690-26BC-0ECDDEC3A732}"
EndProject
Project("{FAE04EC0-301F-11D3-BF4B-00C04F79EFBC}") = "Unity.VisualStudio.Editor", "Unity.VisualStudio.Editor.csproj", "{495697FB-74E6-529C-2DF1-366CA05FF6A8}"
EndProject
Project("{FAE04EC0-301F-11D3-BF4B-00C04F79EFBC}") = "com.unity.cinemachine.editor", "com.unity.cinemachine.editor.csproj", "{4933EBEB-A4C7-D6B0-06AA-0222FEEF7ACC}"
EndProject
Project("{FAE04EC0-301F-11D3-BF4B-00C04F79EFBC}") = "Unity.2D.Psdimporter.Editor", "Unity.2D.Psdimporter.Editor.csproj", "{CDFEB714-568F-250C-B5BB-5421DD2F3E60}"
EndProject
Project("{FAE04EC0-301F-11D3-BF4B-00C04F79EFBC}") = "Unity.2D.Animation.Editor", "Unity.2D.Animation.Editor.csproj", "{F60B5C2D-33F5-13CF-0199-F633F226EB87}"
EndProject
Project("{FAE04EC0-301F-11D3-BF4B-00C04F79EFBC}") = "Unity.TextMeshPro.Editor", "Unity.TextMeshPro.Editor.csproj", "{ABEE7D36-826B-31A9-9A01-1F3577440CD5}"
EndProject
Project("{FAE04EC0-301F-11D3-BF4B-00C04F79EFBC}") = "Unity.2D.SpriteShape.Editor", "Unity.2D.SpriteShape.Editor.csproj", "{CFACC6EB-876F-5756-4336-A9B50C0887AA}"
EndProject
Project("{FAE04EC0-301F-11D3-BF4B-00C04F79EFBC}") = "Unity.CollabProxy.Editor", "Unity.CollabProxy.Editor.csproj", "{6B177398-96FA-584C-4238-FE1D0B614A5F}"
EndProject
Project("{FAE04EC0-301F-11D3-BF4B-00C04F79EFBC}") = "PsdPlugin", "PsdPlugin.csproj", "{09877A12-355B-BE70-72A1-B7EB830479D6}"
EndProject
Project("{FAE04EC0-301F-11D3-BF4B-00C04F79EFBC}") = "Unity.2D.Path.Editor", "Unity.2D.Path.Editor.csproj", "{7D2C9F71-2927-41AE-6AA8-5A1591959EF3}"
EndProject
Project("{FAE04EC0-301F-11D3-BF4B-00C04F79EFBC}") = "Unity.Rider.Editor", "Unity.Rider.Editor.csproj", "{F93118D4-3E9C-AF48-4083-495C750D0246}"
EndProject
Project("{FAE04EC0-301F-11D3-BF4B-00C04F79EFBC}") = "Unity.2D.IK.Editor", "Unity.2D.IK.Editor.csproj", "{9F8BEB13-0C43-CB45-812A-4F98B864FA2F}"
EndProject
Project("{FAE04EC0-301F-11D3-BF4B-00C04F79EFBC}") = "Unity.SysrootPackage.Editor", "Unity.SysrootPackage.Editor.csproj", "{BB2E0990-A3D8-608D-785B-33566F7BEAE1}"
EndProject
Project("{FAE04EC0-301F-11D3-BF4B-00C04F79EFBC}") = "Unity.2D.Sprite.Editor", "Unity.2D.Sprite.Editor.csproj", "{88794A12-D861-B824-3BC2-8DF77FB15213}"
EndProject
Project("{FAE04EC0-301F-11D3-BF4B-00C04F79EFBC}") = "Unity.2D.Tilemap.Editor", "Unity.2D.Tilemap.Editor.csproj", "{B940B4D8-7241-1C6D-8C11-E9DEB2EEE168}"
EndProject
Project("{FAE04EC0-301F-11D3-BF4B-00C04F79EFBC}") = "Unity.2D.PixelPerfect.Editor", "Unity.2D.PixelPerfect.Editor.csproj", "{CED60A31-C258-6C07-9D19-180C2BD28FD2}"
EndProject
Project("{FAE04EC0-301F-11D3-BF4B-00C04F79EFBC}") = "Unity.VSCode.Editor", "Unity.VSCode.Editor.csproj", "{1FAEF632-3DE6-8589-1515-F439E9C45A4D}"
EndProject
Project("{FAE04EC0-301F-11D3-BF4B-00C04F79EFBC}") = "Unity.Toolchain.Win-x86_64-Linux-x86_64", "Unity.Toolchain.Win-x86_64-Linux-x86_64.csproj", "{F3E6AB46-C086-3EC4-DF79-97D7950C9AA0}"
EndProject
Project("{FAE04EC0-301F-11D3-BF4B-00C04F79EFBC}") = "Unity.2D.Common.Editor", "Unity.2D.Common.Editor.csproj", "{CE17DB1C-CB98-F3F2-81B2-A0D0389775B6}"
EndProject
Project("{FAE04EC0-301F-11D3-BF4B-00C04F79EFBC}") = "Unity.Mathematics.Editor", "Unity.Mathematics.Editor.csproj", "{139DAD06-845D-7EB6-8EAC-6F44DFC2DD61}"
EndProject
Project("{FAE04EC0-301F-11D3-BF4B-00C04F79EFBC}") = "Unity.InternalAPIEditorBridge.001", "Unity.InternalAPIEditorBridge.001.csproj", "{BD88D677-0A6E-A47A-B319-82076749E175}"
EndProject
Project("{FAE04EC0-301F-11D3-BF4B-00C04F79EFBC}") = "Unity.Sysroot.Linux_x86_64", "Unity.Sysroot.Linux_x86_64.csproj", "{2D86D521-D4F2-E3DD-F589-BC0C8EBFE4B1}"
EndProject
Project("{FAE04EC0-301F-11D3-BF4B-00C04F79EFBC}") = "UnityEngine.UI", "UnityEngine.UI.Player.csproj", "{6CFC7994-941F-B3B6-466F-52A7F4425EDE}"
EndProject
Project("{FAE04EC0-301F-11D3-BF4B-00C04F79EFBC}") = "UnityEngine.TestRunner", "UnityEngine.TestRunner.Player.csproj", "{70BC193C-D7D5-496F-D41E-831FEF611FBB}"
EndProject
Project("{FAE04EC0-301F-11D3-BF4B-00C04F79EFBC}") = "Unity.Mathematics", "Unity.Mathematics.Player.csproj", "{DB702BF4-9202-7E74-2BF3-4578DEA6FE47}"
EndProject
Project("{FAE04EC0-301F-11D3-BF4B-00C04F79EFBC}") = "Unity.2D.Animation.Triangle.Runtime", "Unity.2D.Animation.Triangle.Runtime.Player.csproj", "{4E3AC7EE-16E8-7C06-B910-39F884352F63}"
EndProject
Project("{FAE04EC0-301F-11D3-BF4B-00C04F79EFBC}") = "Unity.Timeline", "Unity.Timeline.Player.csproj", "{A5F13D0E-D6AE-1F1C-6005-36FD41E72ACA}"
EndProject
Project("{FAE04EC0-301F-11D3-BF4B-00C04F79EFBC}") = "Cinemachine", "Cinemachine.Player.csproj", "{A8715CD6-F83D-9513-3339-B5A5C6C06E84}"
EndProject
Project("{FAE04EC0-301F-11D3-BF4B-00C04F79EFBC}") = "Unity.TextMeshPro", "Unity.TextMeshPro.Player.csproj", "{22A50A2D-9E11-878C-35D7-215162972D1F}"
EndProject
Project("{FAE04EC0-301F-11D3-BF4B-00C04F79EFBC}") = "Unity.2D.Animation.Runtime", "Unity.2D.Animation.Runtime.Player.csproj", "{45BF48AE-73B6-09BE-8F88-1A27D82175F3}"
EndProject
Project("{FAE04EC0-301F-11D3-BF4B-00C04F79EFBC}") = "Unity.2D.IK.Runtime", "Unity.2D.IK.Runtime.Player.csproj", "{A03E00BB-9E9B-368A-49F0-8CCCA1146C5E}"
EndProject
Project("{FAE04EC0-301F-11D3-BF4B-00C04F79EFBC}") = "Assembly-CSharp", "Assembly-CSharp.Player.csproj", "{69BA560E-02BC-BC68-6CB7-D42D652A40AE}"
EndProject
Project("{FAE04EC0-301F-11D3-BF4B-00C04F79EFBC}") = "Unity.2D.SpriteShape.Runtime", "Unity.2D.SpriteShape.Runtime.Player.csproj", "{5FCB17E8-2EC7-FC83-06FF-BC96A7628417}"
EndProject
Project("{FAE04EC0-301F-11D3-BF4B-00C04F79EFBC}") = "Unity.2D.PixelPerfect", "Unity.2D.PixelPerfect.Player.csproj", "{61D41999-F667-DC10-71FA-3FD1934E7383}"
EndProject
Project("{FAE04EC0-301F-11D3-BF4B-00C04F79EFBC}") = "Unity.2D.Common.Runtime", "Unity.2D.Common.Runtime.Player.csproj", "{59297973-CCD4-BC6D-C22B-CDFC7E0A0595}"
EndProject
Project("{FAE04EC0-301F-11D3-BF4B-00C04F79EFBC}") = "Unity.InternalAPIEngineBridge.001", "Unity.InternalAPIEngineBridge.001.Player.csproj", "{55E45041-535A-7895-02D2-45700014ABD7}"
EndProject
Global
	GlobalSection(SolutionConfigurationPlatforms) = preSolution
		Debug|Any CPU = Debug|Any CPU
		Release|Any CPU = Release|Any CPU
	EndGlobalSection
	GlobalSection(ProjectConfigurationPlatforms) = postSolution
		{0EEA8FE9-8D19-49A0-2CDC-7052D90277C1}.Debug|Any CPU.ActiveCfg = Debug|Any CPU
		{0EEA8FE9-8D19-49A0-2CDC-7052D90277C1}.Debug|Any CPU.Build.0 = Debug|Any CPU
		{0EEA8FE9-8D19-49A0-2CDC-7052D90277C1}.Release|Any CPU.ActiveCfg = Release|Any CPU
		{0EEA8FE9-8D19-49A0-2CDC-7052D90277C1}.Release|Any CPU.Build.0 = Release|Any CPU
		{9C451211-0ED7-9812-F264-5BE1D6F85F56}.Debug|Any CPU.ActiveCfg = Debug|Any CPU
		{9C451211-0ED7-9812-F264-5BE1D6F85F56}.Debug|Any CPU.Build.0 = Debug|Any CPU
		{9C451211-0ED7-9812-F264-5BE1D6F85F56}.Release|Any CPU.ActiveCfg = Release|Any CPU
		{9C451211-0ED7-9812-F264-5BE1D6F85F56}.Release|Any CPU.Build.0 = Release|Any CPU
		{EAE49DB7-4B9D-F59C-19CE-A95EED9CC5DE}.Debug|Any CPU.ActiveCfg = Debug|Any CPU
		{EAE49DB7-4B9D-F59C-19CE-A95EED9CC5DE}.Debug|Any CPU.Build.0 = Debug|Any CPU
		{EAE49DB7-4B9D-F59C-19CE-A95EED9CC5DE}.Release|Any CPU.ActiveCfg = Release|Any CPU
		{EAE49DB7-4B9D-F59C-19CE-A95EED9CC5DE}.Release|Any CPU.Build.0 = Release|Any CPU
		{3A14176E-96BA-0C0D-AED4-2A078C3CD6EF}.Debug|Any CPU.ActiveCfg = Debug|Any CPU
		{3A14176E-96BA-0C0D-AED4-2A078C3CD6EF}.Debug|Any CPU.Build.0 = Debug|Any CPU
		{3A14176E-96BA-0C0D-AED4-2A078C3CD6EF}.Release|Any CPU.ActiveCfg = Release|Any CPU
		{3A14176E-96BA-0C0D-AED4-2A078C3CD6EF}.Release|Any CPU.Build.0 = Release|Any CPU
		{E325071C-480D-01B2-A356-6AA003293412}.Debug|Any CPU.ActiveCfg = Debug|Any CPU
		{E325071C-480D-01B2-A356-6AA003293412}.Debug|Any CPU.Build.0 = Debug|Any CPU
		{E325071C-480D-01B2-A356-6AA003293412}.Release|Any CPU.ActiveCfg = Release|Any CPU
		{E325071C-480D-01B2-A356-6AA003293412}.Release|Any CPU.Build.0 = Release|Any CPU
		{4FB887D6-E552-1EFF-0321-B322A9A87706}.Debug|Any CPU.ActiveCfg = Debug|Any CPU
		{4FB887D6-E552-1EFF-0321-B322A9A87706}.Debug|Any CPU.Build.0 = Debug|Any CPU
		{4FB887D6-E552-1EFF-0321-B322A9A87706}.Release|Any CPU.ActiveCfg = Release|Any CPU
		{4FB887D6-E552-1EFF-0321-B322A9A87706}.Release|Any CPU.Build.0 = Release|Any CPU
		{7C824DDA-3919-370E-DD75-8AE0DAA01311}.Debug|Any CPU.ActiveCfg = Debug|Any CPU
		{7C824DDA-3919-370E-DD75-8AE0DAA01311}.Debug|Any CPU.Build.0 = Debug|Any CPU
		{7C824DDA-3919-370E-DD75-8AE0DAA01311}.Release|Any CPU.ActiveCfg = Release|Any CPU
		{7C824DDA-3919-370E-DD75-8AE0DAA01311}.Release|Any CPU.Build.0 = Release|Any CPU
		{6F396472-8812-37C0-24BF-A3FE537D8773}.Debug|Any CPU.ActiveCfg = Debug|Any CPU
		{6F396472-8812-37C0-24BF-A3FE537D8773}.Debug|Any CPU.Build.0 = Debug|Any CPU
		{6F396472-8812-37C0-24BF-A3FE537D8773}.Release|Any CPU.ActiveCfg = Release|Any CPU
		{6F396472-8812-37C0-24BF-A3FE537D8773}.Release|Any CPU.Build.0 = Release|Any CPU
		{5163A901-C7DE-64A4-D377-351093BA8B19}.Debug|Any CPU.ActiveCfg = Debug|Any CPU
		{5163A901-C7DE-64A4-D377-351093BA8B19}.Debug|Any CPU.Build.0 = Debug|Any CPU
		{5163A901-C7DE-64A4-D377-351093BA8B19}.Release|Any CPU.ActiveCfg = Release|Any CPU
		{5163A901-C7DE-64A4-D377-351093BA8B19}.Release|Any CPU.Build.0 = Release|Any CPU
		{DF6AA01B-B845-CD2F-9D2D-87ECDAC75AE8}.Debug|Any CPU.ActiveCfg = Debug|Any CPU
		{DF6AA01B-B845-CD2F-9D2D-87ECDAC75AE8}.Debug|Any CPU.Build.0 = Debug|Any CPU
		{DF6AA01B-B845-CD2F-9D2D-87ECDAC75AE8}.Release|Any CPU.ActiveCfg = Release|Any CPU
		{DF6AA01B-B845-CD2F-9D2D-87ECDAC75AE8}.Release|Any CPU.Build.0 = Release|Any CPU
		{0C522385-66B3-E716-013F-625EB402750D}.Debug|Any CPU.ActiveCfg = Debug|Any CPU
		{0C522385-66B3-E716-013F-625EB402750D}.Debug|Any CPU.Build.0 = Debug|Any CPU
		{0C522385-66B3-E716-013F-625EB402750D}.Release|Any CPU.ActiveCfg = Release|Any CPU
		{0C522385-66B3-E716-013F-625EB402750D}.Release|Any CPU.Build.0 = Release|Any CPU
		{14C1309B-128E-A2EF-5552-5E9DA61AF13D}.Debug|Any CPU.ActiveCfg = Debug|Any CPU
		{14C1309B-128E-A2EF-5552-5E9DA61AF13D}.Debug|Any CPU.Build.0 = Debug|Any CPU
		{14C1309B-128E-A2EF-5552-5E9DA61AF13D}.Release|Any CPU.ActiveCfg = Release|Any CPU
		{14C1309B-128E-A2EF-5552-5E9DA61AF13D}.Release|Any CPU.Build.0 = Release|Any CPU
		{A6C3B72F-AF61-595D-E1BB-A8DE19D2FD16}.Debug|Any CPU.ActiveCfg = Debug|Any CPU
		{A6C3B72F-AF61-595D-E1BB-A8DE19D2FD16}.Debug|Any CPU.Build.0 = Debug|Any CPU
		{A6C3B72F-AF61-595D-E1BB-A8DE19D2FD16}.Release|Any CPU.ActiveCfg = Release|Any CPU
		{A6C3B72F-AF61-595D-E1BB-A8DE19D2FD16}.Release|Any CPU.Build.0 = Release|Any CPU
		{180BE6CE-4677-7578-38C0-3D2717B7105C}.Debug|Any CPU.ActiveCfg = Debug|Any CPU
		{180BE6CE-4677-7578-38C0-3D2717B7105C}.Debug|Any CPU.Build.0 = Debug|Any CPU
		{180BE6CE-4677-7578-38C0-3D2717B7105C}.Release|Any CPU.ActiveCfg = Release|Any CPU
		{180BE6CE-4677-7578-38C0-3D2717B7105C}.Release|Any CPU.Build.0 = Release|Any CPU
		{4D3ED5B2-AD9F-28D7-54AE-DF089BF2A27D}.Debug|Any CPU.ActiveCfg = Debug|Any CPU
		{4D3ED5B2-AD9F-28D7-54AE-DF089BF2A27D}.Debug|Any CPU.Build.0 = Debug|Any CPU
		{4D3ED5B2-AD9F-28D7-54AE-DF089BF2A27D}.Release|Any CPU.ActiveCfg = Release|Any CPU
		{4D3ED5B2-AD9F-28D7-54AE-DF089BF2A27D}.Release|Any CPU.Build.0 = Release|Any CPU
		{EB02C3A3-758E-C068-FAD5-D2A5C7C496A4}.Debug|Any CPU.ActiveCfg = Debug|Any CPU
		{EB02C3A3-758E-C068-FAD5-D2A5C7C496A4}.Debug|Any CPU.Build.0 = Debug|Any CPU
		{EB02C3A3-758E-C068-FAD5-D2A5C7C496A4}.Release|Any CPU.ActiveCfg = Release|Any CPU
		{EB02C3A3-758E-C068-FAD5-D2A5C7C496A4}.Release|Any CPU.Build.0 = Release|Any CPU
		{4AFAD19F-8030-0BB8-F508-9F513809FF9A}.Debug|Any CPU.ActiveCfg = Debug|Any CPU
		{4AFAD19F-8030-0BB8-F508-9F513809FF9A}.Debug|Any CPU.Build.0 = Debug|Any CPU
		{4AFAD19F-8030-0BB8-F508-9F513809FF9A}.Release|Any CPU.ActiveCfg = Release|Any CPU
		{4AFAD19F-8030-0BB8-F508-9F513809FF9A}.Release|Any CPU.Build.0 = Release|Any CPU
		{7F46B350-88E3-1277-5D50-EAFA82E5C01B}.Debug|Any CPU.ActiveCfg = Debug|Any CPU
		{7F46B350-88E3-1277-5D50-EAFA82E5C01B}.Debug|Any CPU.Build.0 = Debug|Any CPU
		{7F46B350-88E3-1277-5D50-EAFA82E5C01B}.Release|Any CPU.ActiveCfg = Release|Any CPU
		{7F46B350-88E3-1277-5D50-EAFA82E5C01B}.Release|Any CPU.Build.0 = Release|Any CPU
		{71EED5B7-22A9-9690-26BC-0ECDDEC3A732}.Debug|Any CPU.ActiveCfg = Debug|Any CPU
		{71EED5B7-22A9-9690-26BC-0ECDDEC3A732}.Debug|Any CPU.Build.0 = Debug|Any CPU
		{71EED5B7-22A9-9690-26BC-0ECDDEC3A732}.Release|Any CPU.ActiveCfg = Release|Any CPU
		{71EED5B7-22A9-9690-26BC-0ECDDEC3A732}.Release|Any CPU.Build.0 = Release|Any CPU
		{495697FB-74E6-529C-2DF1-366CA05FF6A8}.Debug|Any CPU.ActiveCfg = Debug|Any CPU
		{495697FB-74E6-529C-2DF1-366CA05FF6A8}.Debug|Any CPU.Build.0 = Debug|Any CPU
		{495697FB-74E6-529C-2DF1-366CA05FF6A8}.Release|Any CPU.ActiveCfg = Release|Any CPU
		{495697FB-74E6-529C-2DF1-366CA05FF6A8}.Release|Any CPU.Build.0 = Release|Any CPU
		{4933EBEB-A4C7-D6B0-06AA-0222FEEF7ACC}.Debug|Any CPU.ActiveCfg = Debug|Any CPU
		{4933EBEB-A4C7-D6B0-06AA-0222FEEF7ACC}.Debug|Any CPU.Build.0 = Debug|Any CPU
		{4933EBEB-A4C7-D6B0-06AA-0222FEEF7ACC}.Release|Any CPU.ActiveCfg = Release|Any CPU
		{4933EBEB-A4C7-D6B0-06AA-0222FEEF7ACC}.Release|Any CPU.Build.0 = Release|Any CPU
		{CDFEB714-568F-250C-B5BB-5421DD2F3E60}.Debug|Any CPU.ActiveCfg = Debug|Any CPU
		{CDFEB714-568F-250C-B5BB-5421DD2F3E60}.Debug|Any CPU.Build.0 = Debug|Any CPU
		{CDFEB714-568F-250C-B5BB-5421DD2F3E60}.Release|Any CPU.ActiveCfg = Release|Any CPU
		{CDFEB714-568F-250C-B5BB-5421DD2F3E60}.Release|Any CPU.Build.0 = Release|Any CPU
		{F60B5C2D-33F5-13CF-0199-F633F226EB87}.Debug|Any CPU.ActiveCfg = Debug|Any CPU
		{F60B5C2D-33F5-13CF-0199-F633F226EB87}.Debug|Any CPU.Build.0 = Debug|Any CPU
		{F60B5C2D-33F5-13CF-0199-F633F226EB87}.Release|Any CPU.ActiveCfg = Release|Any CPU
		{F60B5C2D-33F5-13CF-0199-F633F226EB87}.Release|Any CPU.Build.0 = Release|Any CPU
		{ABEE7D36-826B-31A9-9A01-1F3577440CD5}.Debug|Any CPU.ActiveCfg = Debug|Any CPU
		{ABEE7D36-826B-31A9-9A01-1F3577440CD5}.Debug|Any CPU.Build.0 = Debug|Any CPU
		{ABEE7D36-826B-31A9-9A01-1F3577440CD5}.Release|Any CPU.ActiveCfg = Release|Any CPU
		{ABEE7D36-826B-31A9-9A01-1F3577440CD5}.Release|Any CPU.Build.0 = Release|Any CPU
		{CFACC6EB-876F-5756-4336-A9B50C0887AA}.Debug|Any CPU.ActiveCfg = Debug|Any CPU
		{CFACC6EB-876F-5756-4336-A9B50C0887AA}.Debug|Any CPU.Build.0 = Debug|Any CPU
		{CFACC6EB-876F-5756-4336-A9B50C0887AA}.Release|Any CPU.ActiveCfg = Release|Any CPU
		{CFACC6EB-876F-5756-4336-A9B50C0887AA}.Release|Any CPU.Build.0 = Release|Any CPU
		{6B177398-96FA-584C-4238-FE1D0B614A5F}.Debug|Any CPU.ActiveCfg = Debug|Any CPU
		{6B177398-96FA-584C-4238-FE1D0B614A5F}.Debug|Any CPU.Build.0 = Debug|Any CPU
		{6B177398-96FA-584C-4238-FE1D0B614A5F}.Release|Any CPU.ActiveCfg = Release|Any CPU
		{6B177398-96FA-584C-4238-FE1D0B614A5F}.Release|Any CPU.Build.0 = Release|Any CPU
		{09877A12-355B-BE70-72A1-B7EB830479D6}.Debug|Any CPU.ActiveCfg = Debug|Any CPU
		{09877A12-355B-BE70-72A1-B7EB830479D6}.Debug|Any CPU.Build.0 = Debug|Any CPU
		{09877A12-355B-BE70-72A1-B7EB830479D6}.Release|Any CPU.ActiveCfg = Release|Any CPU
		{09877A12-355B-BE70-72A1-B7EB830479D6}.Release|Any CPU.Build.0 = Release|Any CPU
		{7D2C9F71-2927-41AE-6AA8-5A1591959EF3}.Debug|Any CPU.ActiveCfg = Debug|Any CPU
		{7D2C9F71-2927-41AE-6AA8-5A1591959EF3}.Debug|Any CPU.Build.0 = Debug|Any CPU
		{7D2C9F71-2927-41AE-6AA8-5A1591959EF3}.Release|Any CPU.ActiveCfg = Release|Any CPU
		{7D2C9F71-2927-41AE-6AA8-5A1591959EF3}.Release|Any CPU.Build.0 = Release|Any CPU
		{F93118D4-3E9C-AF48-4083-495C750D0246}.Debug|Any CPU.ActiveCfg = Debug|Any CPU
		{F93118D4-3E9C-AF48-4083-495C750D0246}.Debug|Any CPU.Build.0 = Debug|Any CPU
		{F93118D4-3E9C-AF48-4083-495C750D0246}.Release|Any CPU.ActiveCfg = Release|Any CPU
		{F93118D4-3E9C-AF48-4083-495C750D0246}.Release|Any CPU.Build.0 = Release|Any CPU
		{9F8BEB13-0C43-CB45-812A-4F98B864FA2F}.Debug|Any CPU.ActiveCfg = Debug|Any CPU
		{9F8BEB13-0C43-CB45-812A-4F98B864FA2F}.Debug|Any CPU.Build.0 = Debug|Any CPU
		{9F8BEB13-0C43-CB45-812A-4F98B864FA2F}.Release|Any CPU.ActiveCfg = Release|Any CPU
		{9F8BEB13-0C43-CB45-812A-4F98B864FA2F}.Release|Any CPU.Build.0 = Release|Any CPU
		{BB2E0990-A3D8-608D-785B-33566F7BEAE1}.Debug|Any CPU.ActiveCfg = Debug|Any CPU
		{BB2E0990-A3D8-608D-785B-33566F7BEAE1}.Debug|Any CPU.Build.0 = Debug|Any CPU
		{BB2E0990-A3D8-608D-785B-33566F7BEAE1}.Release|Any CPU.ActiveCfg = Release|Any CPU
		{BB2E0990-A3D8-608D-785B-33566F7BEAE1}.Release|Any CPU.Build.0 = Release|Any CPU
		{88794A12-D861-B824-3BC2-8DF77FB15213}.Debug|Any CPU.ActiveCfg = Debug|Any CPU
		{88794A12-D861-B824-3BC2-8DF77FB15213}.Debug|Any CPU.Build.0 = Debug|Any CPU
		{88794A12-D861-B824-3BC2-8DF77FB15213}.Release|Any CPU.ActiveCfg = Release|Any CPU
		{88794A12-D861-B824-3BC2-8DF77FB15213}.Release|Any CPU.Build.0 = Release|Any CPU
		{B940B4D8-7241-1C6D-8C11-E9DEB2EEE168}.Debug|Any CPU.ActiveCfg = Debug|Any CPU
		{B940B4D8-7241-1C6D-8C11-E9DEB2EEE168}.Debug|Any CPU.Build.0 = Debug|Any CPU
		{B940B4D8-7241-1C6D-8C11-E9DEB2EEE168}.Release|Any CPU.ActiveCfg = Release|Any CPU
		{B940B4D8-7241-1C6D-8C11-E9DEB2EEE168}.Release|Any CPU.Build.0 = Release|Any CPU
		{CED60A31-C258-6C07-9D19-180C2BD28FD2}.Debug|Any CPU.ActiveCfg = Debug|Any CPU
		{CED60A31-C258-6C07-9D19-180C2BD28FD2}.Debug|Any CPU.Build.0 = Debug|Any CPU
		{CED60A31-C258-6C07-9D19-180C2BD28FD2}.Release|Any CPU.ActiveCfg = Release|Any CPU
		{CED60A31-C258-6C07-9D19-180C2BD28FD2}.Release|Any CPU.Build.0 = Release|Any CPU
		{1FAEF632-3DE6-8589-1515-F439E9C45A4D}.Debug|Any CPU.ActiveCfg = Debug|Any CPU
		{1FAEF632-3DE6-8589-1515-F439E9C45A4D}.Debug|Any CPU.Build.0 = Debug|Any CPU
		{1FAEF632-3DE6-8589-1515-F439E9C45A4D}.Release|Any CPU.ActiveCfg = Release|Any CPU
		{1FAEF632-3DE6-8589-1515-F439E9C45A4D}.Release|Any CPU.Build.0 = Release|Any CPU
		{F3E6AB46-C086-3EC4-DF79-97D7950C9AA0}.Debug|Any CPU.ActiveCfg = Debug|Any CPU
		{F3E6AB46-C086-3EC4-DF79-97D7950C9AA0}.Debug|Any CPU.Build.0 = Debug|Any CPU
		{F3E6AB46-C086-3EC4-DF79-97D7950C9AA0}.Release|Any CPU.ActiveCfg = Release|Any CPU
		{F3E6AB46-C086-3EC4-DF79-97D7950C9AA0}.Release|Any CPU.Build.0 = Release|Any CPU
		{CE17DB1C-CB98-F3F2-81B2-A0D0389775B6}.Debug|Any CPU.ActiveCfg = Debug|Any CPU
		{CE17DB1C-CB98-F3F2-81B2-A0D0389775B6}.Debug|Any CPU.Build.0 = Debug|Any CPU
		{CE17DB1C-CB98-F3F2-81B2-A0D0389775B6}.Release|Any CPU.ActiveCfg = Release|Any CPU
		{CE17DB1C-CB98-F3F2-81B2-A0D0389775B6}.Release|Any CPU.Build.0 = Release|Any CPU
		{139DAD06-845D-7EB6-8EAC-6F44DFC2DD61}.Debug|Any CPU.ActiveCfg = Debug|Any CPU
		{139DAD06-845D-7EB6-8EAC-6F44DFC2DD61}.Debug|Any CPU.Build.0 = Debug|Any CPU
		{139DAD06-845D-7EB6-8EAC-6F44DFC2DD61}.Release|Any CPU.ActiveCfg = Release|Any CPU
		{139DAD06-845D-7EB6-8EAC-6F44DFC2DD61}.Release|Any CPU.Build.0 = Release|Any CPU
		{BD88D677-0A6E-A47A-B319-82076749E175}.Debug|Any CPU.ActiveCfg = Debug|Any CPU
		{BD88D677-0A6E-A47A-B319-82076749E175}.Debug|Any CPU.Build.0 = Debug|Any CPU
		{BD88D677-0A6E-A47A-B319-82076749E175}.Release|Any CPU.ActiveCfg = Release|Any CPU
		{BD88D677-0A6E-A47A-B319-82076749E175}.Release|Any CPU.Build.0 = Release|Any CPU
		{2D86D521-D4F2-E3DD-F589-BC0C8EBFE4B1}.Debug|Any CPU.ActiveCfg = Debug|Any CPU
		{2D86D521-D4F2-E3DD-F589-BC0C8EBFE4B1}.Debug|Any CPU.Build.0 = Debug|Any CPU
		{2D86D521-D4F2-E3DD-F589-BC0C8EBFE4B1}.Release|Any CPU.ActiveCfg = Release|Any CPU
		{2D86D521-D4F2-E3DD-F589-BC0C8EBFE4B1}.Release|Any CPU.Build.0 = Release|Any CPU
		{6CFC7994-941F-B3B6-466F-52A7F4425EDE}.Debug|Any CPU.ActiveCfg = Debug|Any CPU
		{6CFC7994-941F-B3B6-466F-52A7F4425EDE}.Debug|Any CPU.Build.0 = Debug|Any CPU
		{6CFC7994-941F-B3B6-466F-52A7F4425EDE}.Release|Any CPU.ActiveCfg = Release|Any CPU
		{6CFC7994-941F-B3B6-466F-52A7F4425EDE}.Release|Any CPU.Build.0 = Release|Any CPU
		{70BC193C-D7D5-496F-D41E-831FEF611FBB}.Debug|Any CPU.ActiveCfg = Debug|Any CPU
		{70BC193C-D7D5-496F-D41E-831FEF611FBB}.Debug|Any CPU.Build.0 = Debug|Any CPU
		{70BC193C-D7D5-496F-D41E-831FEF611FBB}.Release|Any CPU.ActiveCfg = Release|Any CPU
		{70BC193C-D7D5-496F-D41E-831FEF611FBB}.Release|Any CPU.Build.0 = Release|Any CPU
		{DB702BF4-9202-7E74-2BF3-4578DEA6FE47}.Debug|Any CPU.ActiveCfg = Debug|Any CPU
		{DB702BF4-9202-7E74-2BF3-4578DEA6FE47}.Debug|Any CPU.Build.0 = Debug|Any CPU
		{DB702BF4-9202-7E74-2BF3-4578DEA6FE47}.Release|Any CPU.ActiveCfg = Release|Any CPU
		{DB702BF4-9202-7E74-2BF3-4578DEA6FE47}.Release|Any CPU.Build.0 = Release|Any CPU
		{4E3AC7EE-16E8-7C06-B910-39F884352F63}.Debug|Any CPU.ActiveCfg = Debug|Any CPU
		{4E3AC7EE-16E8-7C06-B910-39F884352F63}.Debug|Any CPU.Build.0 = Debug|Any CPU
		{4E3AC7EE-16E8-7C06-B910-39F884352F63}.Release|Any CPU.ActiveCfg = Release|Any CPU
		{4E3AC7EE-16E8-7C06-B910-39F884352F63}.Release|Any CPU.Build.0 = Release|Any CPU
		{A5F13D0E-D6AE-1F1C-6005-36FD41E72ACA}.Debug|Any CPU.ActiveCfg = Debug|Any CPU
		{A5F13D0E-D6AE-1F1C-6005-36FD41E72ACA}.Debug|Any CPU.Build.0 = Debug|Any CPU
		{A5F13D0E-D6AE-1F1C-6005-36FD41E72ACA}.Release|Any CPU.ActiveCfg = Release|Any CPU
		{A5F13D0E-D6AE-1F1C-6005-36FD41E72ACA}.Release|Any CPU.Build.0 = Release|Any CPU
		{A8715CD6-F83D-9513-3339-B5A5C6C06E84}.Debug|Any CPU.ActiveCfg = Debug|Any CPU
		{A8715CD6-F83D-9513-3339-B5A5C6C06E84}.Debug|Any CPU.Build.0 = Debug|Any CPU
		{A8715CD6-F83D-9513-3339-B5A5C6C06E84}.Release|Any CPU.ActiveCfg = Release|Any CPU
		{A8715CD6-F83D-9513-3339-B5A5C6C06E84}.Release|Any CPU.Build.0 = Release|Any CPU
		{22A50A2D-9E11-878C-35D7-215162972D1F}.Debug|Any CPU.ActiveCfg = Debug|Any CPU
		{22A50A2D-9E11-878C-35D7-215162972D1F}.Debug|Any CPU.Build.0 = Debug|Any CPU
		{22A50A2D-9E11-878C-35D7-215162972D1F}.Release|Any CPU.ActiveCfg = Release|Any CPU
		{22A50A2D-9E11-878C-35D7-215162972D1F}.Release|Any CPU.Build.0 = Release|Any CPU
		{45BF48AE-73B6-09BE-8F88-1A27D82175F3}.Debug|Any CPU.ActiveCfg = Debug|Any CPU
		{45BF48AE-73B6-09BE-8F88-1A27D82175F3}.Debug|Any CPU.Build.0 = Debug|Any CPU
		{45BF48AE-73B6-09BE-8F88-1A27D82175F3}.Release|Any CPU.ActiveCfg = Release|Any CPU
		{45BF48AE-73B6-09BE-8F88-1A27D82175F3}.Release|Any CPU.Build.0 = Release|Any CPU
		{A03E00BB-9E9B-368A-49F0-8CCCA1146C5E}.Debug|Any CPU.ActiveCfg = Debug|Any CPU
		{A03E00BB-9E9B-368A-49F0-8CCCA1146C5E}.Debug|Any CPU.Build.0 = Debug|Any CPU
		{A03E00BB-9E9B-368A-49F0-8CCCA1146C5E}.Release|Any CPU.ActiveCfg = Release|Any CPU
		{A03E00BB-9E9B-368A-49F0-8CCCA1146C5E}.Release|Any CPU.Build.0 = Release|Any CPU
		{69BA560E-02BC-BC68-6CB7-D42D652A40AE}.Debug|Any CPU.ActiveCfg = Debug|Any CPU
		{69BA560E-02BC-BC68-6CB7-D42D652A40AE}.Debug|Any CPU.Build.0 = Debug|Any CPU
		{69BA560E-02BC-BC68-6CB7-D42D652A40AE}.Release|Any CPU.ActiveCfg = Release|Any CPU
		{69BA560E-02BC-BC68-6CB7-D42D652A40AE}.Release|Any CPU.Build.0 = Release|Any CPU
		{5FCB17E8-2EC7-FC83-06FF-BC96A7628417}.Debug|Any CPU.ActiveCfg = Debug|Any CPU
		{5FCB17E8-2EC7-FC83-06FF-BC96A7628417}.Debug|Any CPU.Build.0 = Debug|Any CPU
		{5FCB17E8-2EC7-FC83-06FF-BC96A7628417}.Release|Any CPU.ActiveCfg = Release|Any CPU
		{5FCB17E8-2EC7-FC83-06FF-BC96A7628417}.Release|Any CPU.Build.0 = Release|Any CPU
		{61D41999-F667-DC10-71FA-3FD1934E7383}.Debug|Any CPU.ActiveCfg = Debug|Any CPU
		{61D41999-F667-DC10-71FA-3FD1934E7383}.Debug|Any CPU.Build.0 = Debug|Any CPU
		{61D41999-F667-DC10-71FA-3FD1934E7383}.Release|Any CPU.ActiveCfg = Release|Any CPU
		{61D41999-F667-DC10-71FA-3FD1934E7383}.Release|Any CPU.Build.0 = Release|Any CPU
		{59297973-CCD4-BC6D-C22B-CDFC7E0A0595}.Debug|Any CPU.ActiveCfg = Debug|Any CPU
		{59297973-CCD4-BC6D-C22B-CDFC7E0A0595}.Debug|Any CPU.Build.0 = Debug|Any CPU
		{59297973-CCD4-BC6D-C22B-CDFC7E0A0595}.Release|Any CPU.ActiveCfg = Release|Any CPU
		{59297973-CCD4-BC6D-C22B-CDFC7E0A0595}.Release|Any CPU.Build.0 = Release|Any CPU
		{55E45041-535A-7895-02D2-45700014ABD7}.Debug|Any CPU.ActiveCfg = Debug|Any CPU
		{55E45041-535A-7895-02D2-45700014ABD7}.Debug|Any CPU.Build.0 = Debug|Any CPU
		{55E45041-535A-7895-02D2-45700014ABD7}.Release|Any CPU.ActiveCfg = Release|Any CPU
		{55E45041-535A-7895-02D2-45700014ABD7}.Release|Any CPU.Build.0 = Release|Any CPU
	EndGlobalSection
	GlobalSection(SolutionProperties) = preSolution
		HideSolutionNode = FALSE
	EndGlobalSection
EndGlobal
